
Microsoft Visual Studio Solution File, Format Version 12.00
# Visual Studio Version 17
VisualStudioVersion = 17.5.002.0
MinimumVisualStudioVersion = 10.0.40219.1
Project("{9A19103F-16F7-4668-BE54-9A1E7A4F7556}") = "API_FARMACIA_PM", "API_FARMACIA_PM.csproj", "{528A8AFE-D660-4476-8E44-A613DA3988B8}"
EndProject
Global
	GlobalSection(SolutionConfigurationPlatforms) = preSolution
		Debug|Any CPU = Debug|Any CPU
		Release|Any CPU = Release|Any CPU
	EndGlobalSection
	GlobalSection(ProjectConfigurationPlatforms) = postSolution
		{528A8AFE-D660-4476-8E44-A613DA3988B8}.Debug|Any CPU.ActiveCfg = Debug|Any CPU
		{528A8AFE-D660-4476-8E44-A613DA3988B8}.Debug|Any CPU.Build.0 = Debug|Any CPU
		{528A8AFE-D660-4476-8E44-A613DA3988B8}.Release|Any CPU.ActiveCfg = Release|Any CPU
		{528A8AFE-D660-4476-8E44-A613DA3988B8}.Release|Any CPU.Build.0 = Release|Any CPU
	EndGlobalSection
	GlobalSection(SolutionProperties) = preSolution
		HideSolutionNode = FALSE
	EndGlobalSection
	GlobalSection(ExtensibilityGlobals) = postSolution
		SolutionGuid = {220D4B88-ABB4-4D71-8D49-34469DD33D3F}
	EndGlobalSection
EndGlobal
